
Microsoft Visual Studio Solution File, Format Version 12.00
# Visual Studio Version 16
VisualStudioVersion = 16.0.30907.101
MinimumVisualStudioVersion = 10.0.40219.1
Project("{FAE04EC0-301F-11D3-BF4B-00C04F79EFBC}") = "Cinema", "Cinema\Cinema.csproj", "{37B6D816-A2B5-4F0B-9993-DD06A134D5AD}"
EndProject
Global
	GlobalSection(SolutionConfigurationPlatforms) = preSolution
		Debug|Any CPU = Debug|Any CPU
		Release|Any CPU = Release|Any CPU
	EndGlobalSection
	GlobalSection(ProjectConfigurationPlatforms) = postSolution
		{37B6D816-A2B5-4F0B-9993-DD06A134D5AD}.Debug|Any CPU.ActiveCfg = Debug|Any CPU
		{37B6D816-A2B5-4F0B-9993-DD06A134D5AD}.Debug|Any CPU.Build.0 = Debug|Any CPU
		{37B6D816-A2B5-4F0B-9993-DD06A134D5AD}.Release|Any CPU.ActiveCfg = Release|Any CPU
		{37B6D816-A2B5-4F0B-9993-DD06A134D5AD}.Release|Any CPU.Build.0 = Release|Any CPU
	EndGlobalSection
	GlobalSection(SolutionProperties) = preSolution
		HideSolutionNode = FALSE
	EndGlobalSection
	GlobalSection(ExtensibilityGlobals) = postSolution
		SolutionGuid = {135223B9-7993-40F1-9836-AA4CD6BA8941}
	EndGlobalSection
EndGlobal
